
Microsoft Visual Studio Solution File, Format Version 12.00
# Visual Studio 14
VisualStudioVersion = 14.0.25420.1
MinimumVisualStudioVersion = 10.0.40219.1
Project("{FAE04EC0-301F-11D3-BF4B-00C04F79EFBC}") = "Semana6_API", "Semana6_API\Semana6_API.csproj", "{6DD0AAC9-2A81-4CB6-AA88-62541FD71476}"
	ProjectSection(ProjectDependencies) = postProject
		{CB77CE6C-F778-4FD2-9571-B4AE5648A9B4} = {CB77CE6C-F778-4FD2-9571-B4AE5648A9B4}
	EndProjectSection
EndProject
Project("{FAE04EC0-301F-11D3-BF4B-00C04F79EFBC}") = "Semana6_WCF", "Semana6_WCF\Semana6_WCF.csproj", "{CB77CE6C-F778-4FD2-9571-B4AE5648A9B4}"
EndProject
Project("{FAE04EC0-301F-11D3-BF4B-00C04F79EFBC}") = "Semana6_WSWebAPIv2", "Semana6_WSWebAPIv2\Semana6_WSWebAPIv2.csproj", "{4E52008E-AEAE-43AB-8BFC-AA55E21958D2}"
EndProject
Global
	GlobalSection(SolutionConfigurationPlatforms) = preSolution
		Debug|Any CPU = Debug|Any CPU
		Release|Any CPU = Release|Any CPU
	EndGlobalSection
	GlobalSection(ProjectConfigurationPlatforms) = postSolution
		{6DD0AAC9-2A81-4CB6-AA88-62541FD71476}.Debug|Any CPU.ActiveCfg = Debug|Any CPU
		{6DD0AAC9-2A81-4CB6-AA88-62541FD71476}.Debug|Any CPU.Build.0 = Debug|Any CPU
		{6DD0AAC9-2A81-4CB6-AA88-62541FD71476}.Release|Any CPU.ActiveCfg = Release|Any CPU
		{6DD0AAC9-2A81-4CB6-AA88-62541FD71476}.Release|Any CPU.Build.0 = Release|Any CPU
		{CB77CE6C-F778-4FD2-9571-B4AE5648A9B4}.Debug|Any CPU.ActiveCfg = Debug|Any CPU
		{CB77CE6C-F778-4FD2-9571-B4AE5648A9B4}.Debug|Any CPU.Build.0 = Debug|Any CPU
		{CB77CE6C-F778-4FD2-9571-B4AE5648A9B4}.Release|Any CPU.ActiveCfg = Release|Any CPU
		{CB77CE6C-F778-4FD2-9571-B4AE5648A9B4}.Release|Any CPU.Build.0 = Release|Any CPU
		{4E52008E-AEAE-43AB-8BFC-AA55E21958D2}.Debug|Any CPU.ActiveCfg = Debug|Any CPU
		{4E52008E-AEAE-43AB-8BFC-AA55E21958D2}.Debug|Any CPU.Build.0 = Debug|Any CPU
		{4E52008E-AEAE-43AB-8BFC-AA55E21958D2}.Release|Any CPU.ActiveCfg = Release|Any CPU
		{4E52008E-AEAE-43AB-8BFC-AA55E21958D2}.Release|Any CPU.Build.0 = Release|Any CPU
	EndGlobalSection
	GlobalSection(SolutionProperties) = preSolution
		HideSolutionNode = FALSE
	EndGlobalSection
EndGlobal
